// !$*UTF8*$!
{
	archiveVersion = 1;
	classes = {
	};
	objectVersion = 46;
	objects = {

/* Begin PBXBuildFile section */
		8D67712419F4175F00654B74 /* KinematicSolver.m in Sources */ = {isa = PBXBuildFile; fileRef = 8D67712319F4175F00654B74 /* KinematicSolver.m */; };
		8DAA248A1EC8C3D1001185B2 /* SolveDisplacement.m in Sources */ = {isa = PBXBuildFile; fileRef = 8DAA24891EC8C3D1001185B2 /* SolveDisplacement.m */; };
		8DAA248E1EC8C5B4001185B2 /* SolveTime.m in Sources */ = {isa = PBXBuildFile; fileRef = 8DAA248D1EC8C5B4001185B2 /* SolveTime.m */; };
		8DAA24911EC8C5D8001185B2 /* SolveAcceleration.m in Sources */ = {isa = PBXBuildFile; fileRef = 8DAA24901EC8C5D8001185B2 /* SolveAcceleration.m */; };
		8DAA24931EC8C5F6001185B2 /* SolveInitialVelocity.m in Sources */ = {isa = PBXBuildFile; fileRef = 8DAA24921EC8C5F6001185B2 /* SolveInitialVelocity.m */; };
		8DAA24951EC8C609001185B2 /* SolveFinalVelocity.m in Sources */ = {isa = PBXBuildFile; fileRef = 8DAA24941EC8C608001185B2 /* SolveFinalVelocity.m */; };
		8DAA24A11EC8D9BB001185B2 /* Kinematic_Solver_Set_and_Get_Tests.m in Sources */ = {isa = PBXBuildFile; fileRef = 8DAA24A01EC8D9BB001185B2 /* Kinematic_Solver_Set_and_Get_Tests.m */; };
		8DAA24A91EC97540001185B2 /* convertToDouble_Tests.m in Sources */ = {isa = PBXBuildFile; fileRef = 8DAA24A81EC97540001185B2 /* convertToDouble_Tests.m */; };
		8DC4EFFA19F486DA00C3C54E /* MainMenu.xib in Resources */ = {isa = PBXBuildFile; fileRef = 8DC4EFF819F486DA00C3C54E /* MainMenu.xib */; };
		8DC4EFFD19F5DDBD00C3C54E /* KinematicSolverGUI.m in Sources */ = {isa = PBXBuildFile; fileRef = 8DC4EFFC19F5DDBD00C3C54E /* KinematicSolverGUI.m */; };
		8DC996B11ED2BA2F006A2608 /* Solve_Displacement_Tests.m in Sources */ = {isa = PBXBuildFile; fileRef = 8DC996B01ED2BA2F006A2608 /* Solve_Displacement_Tests.m */; };
		8DF9714A1946B08D007FA4AC /* Cocoa.framework in Frameworks */ = {isa = PBXBuildFile; fileRef = 8DF971491946B08D007FA4AC /* Cocoa.framework */; };
		8DF971541946B08D007FA4AC /* InfoPlist.strings in Resources */ = {isa = PBXBuildFile; fileRef = 8DF971521946B08D007FA4AC /* InfoPlist.strings */; };
		8DF971561946B08D007FA4AC /* main.m in Sources */ = {isa = PBXBuildFile; fileRef = 8DF971551946B08D007FA4AC /* main.m */; };
		8DF9715A1946B08D007FA4AC /* Credits.rtf in Resources */ = {isa = PBXBuildFile; fileRef = 8DF971581946B08D007FA4AC /* Credits.rtf */; };
		8DF9715D1946B08D007FA4AC /* AppDelegate.m in Sources */ = {isa = PBXBuildFile; fileRef = 8DF9715C1946B08D007FA4AC /* AppDelegate.m */; };
		8DF9716A1946B5A7007FA4AC /* Title Logo.jpg in Resources */ = {isa = PBXBuildFile; fileRef = 8DF971691946B5A7007FA4AC /* Title Logo.jpg */; };
		8DF9716E1946B88D007FA4AC /* AppIcon.icns in Resources */ = {isa = PBXBuildFile; fileRef = 8DF9716D1946B88D007FA4AC /* AppIcon.icns */; };
/* End PBXBuildFile section */

/* Begin PBXContainerItemProxy section */
		8DAA24A31EC8D9BB001185B2 /* PBXContainerItemProxy */ = {
			isa = PBXContainerItemProxy;
			containerPortal = 8DF9713E1946B08D007FA4AC /* Project object */;
			proxyType = 1;
			remoteGlobalIDString = 8DF971451946B08D007FA4AC;
			remoteInfo = "Kinematic Solver for Mac";
		};
/* End PBXContainerItemProxy section */

/* Begin PBXFileReference section */
		8D67712219F4175F00654B74 /* KinematicSolver.h */ = {isa = PBXFileReference; fileEncoding = 4; lastKnownFileType = sourcecode.c.h; path = KinematicSolver.h; sourceTree = "<group>"; };
		8D67712319F4175F00654B74 /* KinematicSolver.m */ = {isa = PBXFileReference; fileEncoding = 4; lastKnownFileType = sourcecode.c.objc; path = KinematicSolver.m; sourceTree = "<group>"; };
		8DAA24891EC8C3D1001185B2 /* SolveDisplacement.m */ = {isa = PBXFileReference; fileEncoding = 4; lastKnownFileType = sourcecode.c.objc; name = SolveDisplacement.m; path = Computation/SolveDisplacement.m; sourceTree = "<group>"; };
		8DAA248C1EC8C42D001185B2 /* SolveDisplacement.h */ = {isa = PBXFileReference; lastKnownFileType = sourcecode.c.h; path = SolveDisplacement.h; sourceTree = "<group>"; };
		8DAA248D1EC8C5B4001185B2 /* SolveTime.m */ = {isa = PBXFileReference; fileEncoding = 4; lastKnownFileType = sourcecode.c.objc; name = SolveTime.m; path = Computation/SolveTime.m; sourceTree = "<group>"; };
		8DAA248F1EC8C5C3001185B2 /* SolveTime.h */ = {isa = PBXFileReference; lastKnownFileType = sourcecode.c.h; name = SolveTime.h; path = Computation/SolveTime.h; sourceTree = "<group>"; };
		8DAA24901EC8C5D8001185B2 /* SolveAcceleration.m */ = {isa = PBXFileReference; fileEncoding = 4; lastKnownFileType = sourcecode.c.objc; name = SolveAcceleration.m; path = Computation/SolveAcceleration.m; sourceTree = "<group>"; };
		8DAA24921EC8C5F6001185B2 /* SolveInitialVelocity.m */ = {isa = PBXFileReference; fileEncoding = 4; lastKnownFileType = sourcecode.c.objc; name = SolveInitialVelocity.m; path = Computation/SolveInitialVelocity.m; sourceTree = "<group>"; };
		8DAA24941EC8C608001185B2 /* SolveFinalVelocity.m */ = {isa = PBXFileReference; fileEncoding = 4; lastKnownFileType = sourcecode.c.objc; name = SolveFinalVelocity.m; path = Computation/SolveFinalVelocity.m; sourceTree = "<group>"; };
		8DAA24971EC8C77B001185B2 /* SolveAcceleration.h */ = {isa = PBXFileReference; lastKnownFileType = sourcecode.c.h; name = SolveAcceleration.h; path = Computation/SolveAcceleration.h; sourceTree = "<group>"; };
		8DAA24981EC8C799001185B2 /* SolveInitialVelocity.h */ = {isa = PBXFileReference; lastKnownFileType = sourcecode.c.h; name = SolveInitialVelocity.h; path = Computation/SolveInitialVelocity.h; sourceTree = "<group>"; };
		8DAA24991EC8C7A6001185B2 /* SolveFinalVelocity.h */ = {isa = PBXFileReference; lastKnownFileType = sourcecode.c.h; path = SolveFinalVelocity.h; sourceTree = "<group>"; };
		8DAA24A01EC8D9BB001185B2 /* Kinematic_Solver_Set_and_Get_Tests.m */ = {isa = PBXFileReference; lastKnownFileType = sourcecode.c.objc; path = Kinematic_Solver_Set_and_Get_Tests.m; sourceTree = "<group>"; };
		8DAA24A21EC8D9BB001185B2 /* Info.plist */ = {isa = PBXFileReference; lastKnownFileType = text.plist.xml; path = Info.plist; sourceTree = "<group>"; };
		8DAA24A81EC97540001185B2 /* convertToDouble_Tests.m */ = {isa = PBXFileReference; fileEncoding = 4; lastKnownFileType = sourcecode.c.objc; path = convertToDouble_Tests.m; sourceTree = "<group>"; };
		8DC4EFF919F486DA00C3C54E /* en */ = {isa = PBXFileReference; lastKnownFileType = file.xib; name = en; path = "Kinematic Solver for Mac/en.lproj/MainMenu.xib"; sourceTree = "<group>"; };
		8DC4EFFB19F5DDBD00C3C54E /* KinematicSolverGUI.h */ = {isa = PBXFileReference; fileEncoding = 4; lastKnownFileType = sourcecode.c.h; path = KinematicSolverGUI.h; sourceTree = "<group>"; };
		8DC4EFFC19F5DDBD00C3C54E /* KinematicSolverGUI.m */ = {isa = PBXFileReference; fileEncoding = 4; lastKnownFileType = sourcecode.c.objc; path = KinematicSolverGUI.m; sourceTree = "<group>"; };
		8DC996B01ED2BA2F006A2608 /* Solve_Displacement_Tests.m */ = {isa = PBXFileReference; fileEncoding = 4; lastKnownFileType = sourcecode.c.objc; path = Solve_Displacement_Tests.m; sourceTree = "<group>"; };
		8DD2C1901ED28FC7006C3916 /* Kinematic Solver for Mac.app */ = {isa = PBXFileReference; explicitFileType = wrapper.application; includeInIndex = 0; path = "Kinematic Solver for Mac.app"; sourceTree = BUILT_PRODUCTS_DIR; };
		8DD2C1911ED28FC7006C3916 /* Kinematic Solver Tests.xctest */ = {isa = PBXFileReference; explicitFileType = wrapper.cfbundle; includeInIndex = 0; path = "Kinematic Solver Tests.xctest"; sourceTree = BUILT_PRODUCTS_DIR; };
		8DF971491946B08D007FA4AC /* Cocoa.framework */ = {isa = PBXFileReference; lastKnownFileType = wrapper.framework; name = Cocoa.framework; path = System/Library/Frameworks/Cocoa.framework; sourceTree = SDKROOT; };
		8DF9714C1946B08D007FA4AC /* AppKit.framework */ = {isa = PBXFileReference; lastKnownFileType = wrapper.framework; name = AppKit.framework; path = System/Library/Frameworks/AppKit.framework; sourceTree = SDKROOT; };
		8DF9714D1946B08D007FA4AC /* CoreData.framework */ = {isa = PBXFileReference; lastKnownFileType = wrapper.framework; name = CoreData.framework; path = System/Library/Frameworks/CoreData.framework; sourceTree = SDKROOT; };
		8DF9714E1946B08D007FA4AC /* Foundation.framework */ = {isa = PBXFileReference; lastKnownFileType = wrapper.framework; name = Foundation.framework; path = System/Library/Frameworks/Foundation.framework; sourceTree = SDKROOT; };
		8DF971511946B08D007FA4AC /* Kinematic Solver for Mac-Info.plist */ = {isa = PBXFileReference; lastKnownFileType = text.plist.xml; path = "Kinematic Solver for Mac-Info.plist"; sourceTree = "<group>"; };
		8DF971531946B08D007FA4AC /* en */ = {isa = PBXFileReference; lastKnownFileType = text.plist.strings; name = en; path = en.lproj/InfoPlist.strings; sourceTree = "<group>"; };
		8DF971551946B08D007FA4AC /* main.m */ = {isa = PBXFileReference; lastKnownFileType = sourcecode.c.objc; path = main.m; sourceTree = "<group>"; };
		8DF971571946B08D007FA4AC /* Kinematic Solver for Mac-Prefix.pch */ = {isa = PBXFileReference; lastKnownFileType = sourcecode.c.h; path = "Kinematic Solver for Mac-Prefix.pch"; sourceTree = "<group>"; };
		8DF971591946B08D007FA4AC /* en */ = {isa = PBXFileReference; lastKnownFileType = text.rtf; name = en; path = en.lproj/Credits.rtf; sourceTree = "<group>"; };
		8DF9715B1946B08D007FA4AC /* AppDelegate.h */ = {isa = PBXFileReference; lastKnownFileType = sourcecode.c.h; path = AppDelegate.h; sourceTree = "<group>"; };
		8DF9715C1946B08D007FA4AC /* AppDelegate.m */ = {isa = PBXFileReference; lastKnownFileType = sourcecode.c.objc; path = AppDelegate.m; sourceTree = "<group>"; };
		8DF971691946B5A7007FA4AC /* Title Logo.jpg */ = {isa = PBXFileReference; lastKnownFileType = image.jpeg; path = "Title Logo.jpg"; sourceTree = "<group>"; };
		8DF9716D1946B88D007FA4AC /* AppIcon.icns */ = {isa = PBXFileReference; lastKnownFileType = image.icns; path = AppIcon.icns; sourceTree = "<group>"; };
/* End PBXFileReference section */

/* Begin PBXFrameworksBuildPhase section */
		8DAA249B1EC8D9BB001185B2 /* Frameworks */ = {
			isa = PBXFrameworksBuildPhase;
			buildActionMask = 2147483647;
			files = (
			);
			runOnlyForDeploymentPostprocessing = 0;
		};
		8DF971431946B08D007FA4AC /* Frameworks */ = {
			isa = PBXFrameworksBuildPhase;
			buildActionMask = 2147483647;
			files = (
				8DF9714A1946B08D007FA4AC /* Cocoa.framework in Frameworks */,
			);
			runOnlyForDeploymentPostprocessing = 0;
		};
/* End PBXFrameworksBuildPhase section */

/* Begin PBXGroup section */
		8DAA248B1EC8C3E6001185B2 /* Computation */ = {
			isa = PBXGroup;
			children = (
				8D67712219F4175F00654B74 /* KinematicSolver.h */,
				8D67712319F4175F00654B74 /* KinematicSolver.m */,
				8DAA248C1EC8C42D001185B2 /* SolveDisplacement.h */,
				8DAA24891EC8C3D1001185B2 /* SolveDisplacement.m */,
				8DAA248F1EC8C5C3001185B2 /* SolveTime.h */,
				8DAA248D1EC8C5B4001185B2 /* SolveTime.m */,
				8DAA24971EC8C77B001185B2 /* SolveAcceleration.h */,
				8DAA24901EC8C5D8001185B2 /* SolveAcceleration.m */,
				8DAA24981EC8C799001185B2 /* SolveInitialVelocity.h */,
				8DAA24921EC8C5F6001185B2 /* SolveInitialVelocity.m */,
				8DAA24991EC8C7A6001185B2 /* SolveFinalVelocity.h */,
				8DAA24941EC8C608001185B2 /* SolveFinalVelocity.m */,
			);
			name = Computation;
			sourceTree = "<group>";
		};
		8DAA249F1EC8D9BB001185B2 /* Kinematic Solver Tests */ = {
			isa = PBXGroup;
			children = (
				8DC996B01ED2BA2F006A2608 /* Solve_Displacement_Tests.m */,
				8DAA24A81EC97540001185B2 /* convertToDouble_Tests.m */,
				8DAA24A01EC8D9BB001185B2 /* Kinematic_Solver_Set_and_Get_Tests.m */,
				8DAA24A21EC8D9BB001185B2 /* Info.plist */,
			);
			path = "Kinematic Solver Tests";
			sourceTree = "<group>";
		};
		8DF9713D1946B08D007FA4AC = {
			isa = PBXGroup;
			children = (
				8DF9716D1946B88D007FA4AC /* AppIcon.icns */,
				8DF9714F1946B08D007FA4AC /* Kinematic Solver for Mac */,
				8DAA249F1EC8D9BB001185B2 /* Kinematic Solver Tests */,
				8DF971481946B08D007FA4AC /* Frameworks */,
				8DD2C1901ED28FC7006C3916 /* Kinematic Solver for Mac.app */,
				8DD2C1911ED28FC7006C3916 /* Kinematic Solver Tests.xctest */,
			);
			sourceTree = "<group>";
			usesTabs = 0;
		};
		8DF971481946B08D007FA4AC /* Frameworks */ = {
			isa = PBXGroup;
			children = (
				8DF971491946B08D007FA4AC /* Cocoa.framework */,
				8DF9714B1946B08D007FA4AC /* Other Frameworks */,
			);
			name = Frameworks;
			sourceTree = "<group>";
		};
		8DF9714B1946B08D007FA4AC /* Other Frameworks */ = {
			isa = PBXGroup;
			children = (
				8DF9714C1946B08D007FA4AC /* AppKit.framework */,
				8DF9714D1946B08D007FA4AC /* CoreData.framework */,
				8DF9714E1946B08D007FA4AC /* Foundation.framework */,
			);
			name = "Other Frameworks";
			sourceTree = "<group>";
		};
		8DF9714F1946B08D007FA4AC /* Kinematic Solver for Mac */ = {
			isa = PBXGroup;
			children = (
				8DAA248B1EC8C3E6001185B2 /* Computation */,
				8DF9715B1946B08D007FA4AC /* AppDelegate.h */,
				8DF9715C1946B08D007FA4AC /* AppDelegate.m */,
				8DC4EFFB19F5DDBD00C3C54E /* KinematicSolverGUI.h */,
				8DC4EFFC19F5DDBD00C3C54E /* KinematicSolverGUI.m */,
				8DC4EFF819F486DA00C3C54E /* MainMenu.xib */,
				8DF971661946B588007FA4AC /* Images */,
				8DF971501946B08D007FA4AC /* Supporting Files */,
			);
			path = "Kinematic Solver for Mac";
			sourceTree = "<group>";
		};
		8DF971501946B08D007FA4AC /* Supporting Files */ = {
			isa = PBXGroup;
			children = (
				8DF971511946B08D007FA4AC /* Kinematic Solver for Mac-Info.plist */,
				8DF971521946B08D007FA4AC /* InfoPlist.strings */,
				8DF971551946B08D007FA4AC /* main.m */,
				8DF971571946B08D007FA4AC /* Kinematic Solver for Mac-Prefix.pch */,
				8DF971581946B08D007FA4AC /* Credits.rtf */,
			);
			name = "Supporting Files";
			sourceTree = "<group>";
		};
		8DF971661946B588007FA4AC /* Images */ = {
			isa = PBXGroup;
			children = (
				8DF971691946B5A7007FA4AC /* Title Logo.jpg */,
			);
			name = Images;
			sourceTree = "<group>";
		};
/* End PBXGroup section */

/* Begin PBXNativeTarget section */
		8DAA249D1EC8D9BB001185B2 /* Kinematic Solver Tests */ = {
			isa = PBXNativeTarget;
			buildConfigurationList = 8DAA24A51EC8D9BB001185B2 /* Build configuration list for PBXNativeTarget "Kinematic Solver Tests" */;
			buildPhases = (
				8DAA249A1EC8D9BB001185B2 /* Sources */,
				8DAA249B1EC8D9BB001185B2 /* Frameworks */,
				8DAA249C1EC8D9BB001185B2 /* Resources */,
			);
			buildRules = (
			);
			dependencies = (
				8DAA24A41EC8D9BB001185B2 /* PBXTargetDependency */,
			);
			name = "Kinematic Solver Tests";
			productName = "Kinematic Solver Tests";
			productReference = 8DD2C1911ED28FC7006C3916 /* Kinematic Solver Tests.xctest */;
			productType = "com.apple.product-type.bundle.unit-test";
		};
		8DF971451946B08D007FA4AC /* Kinematic Solver for Mac */ = {
			isa = PBXNativeTarget;
			buildConfigurationList = 8DF971631946B08D007FA4AC /* Build configuration list for PBXNativeTarget "Kinematic Solver for Mac" */;
			buildPhases = (
				8DF971421946B08D007FA4AC /* Sources */,
				8DF971431946B08D007FA4AC /* Frameworks */,
				8DF971441946B08D007FA4AC /* Resources */,
			);
			buildRules = (
			);
			dependencies = (
			);
			name = "Kinematic Solver for Mac";
			productName = "Kinematic Solver for Mac";
			productReference = 8DD2C1901ED28FC7006C3916 /* Kinematic Solver for Mac.app */;
			productType = "com.apple.product-type.application";
		};
/* End PBXNativeTarget section */

/* Begin PBXProject section */
		8DF9713E1946B08D007FA4AC /* Project object */ = {
			isa = PBXProject;
			attributes = {
				LastUpgradeCheck = 0830;
				ORGANIZATIONNAME = "Kian Gorgichuk";
				TargetAttributes = {
					8DAA249D1EC8D9BB001185B2 = {
						CreatedOnToolsVersion = 8.3.2;
						ProvisioningStyle = Automatic;
						TestTargetID = 8DF971451946B08D007FA4AC;
					};
				};
			};
			buildConfigurationList = 8DF971411946B08D007FA4AC /* Build configuration list for PBXProject "Kinematic Solver for Mac" */;
			compatibilityVersion = "Xcode 3.2";
			developmentRegion = English;
			hasScannedForEncodings = 0;
			knownRegions = (
				en,
			);
			mainGroup = 8DF9713D1946B08D007FA4AC;
			productRefGroup = 8DF9713D1946B08D007FA4AC;
			projectDirPath = "";
			projectRoot = "";
			targets = (
				8DF971451946B08D007FA4AC /* Kinematic Solver for Mac */,
				8DAA249D1EC8D9BB001185B2 /* Kinematic Solver Tests */,
			);
		};
/* End PBXProject section */

/* Begin PBXResourcesBuildPhase section */
		8DAA249C1EC8D9BB001185B2 /* Resources */ = {
			isa = PBXResourcesBuildPhase;
			buildActionMask = 2147483647;
			files = (
			);
			runOnlyForDeploymentPostprocessing = 0;
		};
		8DF971441946B08D007FA4AC /* Resources */ = {
			isa = PBXResourcesBuildPhase;
			buildActionMask = 2147483647;
			files = (
				8DF971541946B08D007FA4AC /* InfoPlist.strings in Resources */,
				8DF9715A1946B08D007FA4AC /* Credits.rtf in Resources */,
				8DF9716A1946B5A7007FA4AC /* Title Logo.jpg in Resources */,
				8DF9716E1946B88D007FA4AC /* AppIcon.icns in Resources */,
				8DC4EFFA19F486DA00C3C54E /* MainMenu.xib in Resources */,
			);
			runOnlyForDeploymentPostprocessing = 0;
		};
/* End PBXResourcesBuildPhase section */

/* Begin PBXSourcesBuildPhase section */
		8DAA249A1EC8D9BB001185B2 /* Sources */ = {
			isa = PBXSourcesBuildPhase;
			buildActionMask = 2147483647;
			files = (
				8DAA24A11EC8D9BB001185B2 /* Kinematic_Solver_Set_and_Get_Tests.m in Sources */,
				8DAA24A91EC97540001185B2 /* convertToDouble_Tests.m in Sources */,
				8DC996B11ED2BA2F006A2608 /* Solve_Displacement_Tests.m in Sources */,
			);
			runOnlyForDeploymentPostprocessing = 0;
		};
		8DF971421946B08D007FA4AC /* Sources */ = {
			isa = PBXSourcesBuildPhase;
			buildActionMask = 2147483647;
			files = (
				8DF971561946B08D007FA4AC /* main.m in Sources */,
				8DF9715D1946B08D007FA4AC /* AppDelegate.m in Sources */,
				8D67712419F4175F00654B74 /* KinematicSolver.m in Sources */,
				8DAA24931EC8C5F6001185B2 /* SolveInitialVelocity.m in Sources */,
				8DAA248A1EC8C3D1001185B2 /* SolveDisplacement.m in Sources */,
				8DAA24911EC8C5D8001185B2 /* SolveAcceleration.m in Sources */,
				8DAA24951EC8C609001185B2 /* SolveFinalVelocity.m in Sources */,
				8DAA248E1EC8C5B4001185B2 /* SolveTime.m in Sources */,
				8DC4EFFD19F5DDBD00C3C54E /* KinematicSolverGUI.m in Sources */,
			);
			runOnlyForDeploymentPostprocessing = 0;
		};
/* End PBXSourcesBuildPhase section */

/* Begin PBXTargetDependency section */
		8DAA24A41EC8D9BB001185B2 /* PBXTargetDependency */ = {
			isa = PBXTargetDependency;
			target = 8DF971451946B08D007FA4AC /* Kinematic Solver for Mac */;
			targetProxy = 8DAA24A31EC8D9BB001185B2 /* PBXContainerItemProxy */;
		};
/* End PBXTargetDependency section */

/* Begin PBXVariantGroup section */
		8DC4EFF819F486DA00C3C54E /* MainMenu.xib */ = {
			isa = PBXVariantGroup;
			children = (
				8DC4EFF919F486DA00C3C54E /* en */,
			);
			name = MainMenu.xib;
			path = ..;
			sourceTree = "<group>";
		};
		8DF971521946B08D007FA4AC /* InfoPlist.strings */ = {
			isa = PBXVariantGroup;
			children = (
				8DF971531946B08D007FA4AC /* en */,
			);
			name = InfoPlist.strings;
			sourceTree = "<group>";
		};
		8DF971581946B08D007FA4AC /* Credits.rtf */ = {
			isa = PBXVariantGroup;
			children = (
				8DF971591946B08D007FA4AC /* en */,
			);
			name = Credits.rtf;
			sourceTree = "<group>";
		};
/* End PBXVariantGroup section */

/* Begin XCBuildConfiguration section */
		8DAA24A61EC8D9BB001185B2 /* Debug */ = {
			isa = XCBuildConfiguration;
			buildSettings = {
				BUNDLE_LOADER = "$(TEST_HOST)";
				CLANG_ANALYZER_NONNULL = YES;
				CLANG_ANALYZER_NUMBER_OBJECT_CONVERSION = YES_AGGRESSIVE;
				CLANG_ENABLE_MODULES = YES;
				CLANG_ENABLE_OBJC_ARC = YES;
				CLANG_WARN_DIRECT_OBJC_ISA_USAGE = YES_ERROR;
				CLANG_WARN_DOCUMENTATION_COMMENTS = YES;
				CLANG_WARN_OBJC_ROOT_CLASS = YES_ERROR;
				CODE_SIGN_IDENTITY = "-";
				COMBINE_HIDPI_IMAGES = YES;
				DEBUG_INFORMATION_FORMAT = dwarf;
				GCC_WARN_ABOUT_RETURN_TYPE = YES_ERROR;
				GCC_WARN_UNINITIALIZED_AUTOS = YES_AGGRESSIVE;
				INFOPLIST_FILE = "Kinematic Solver Tests/Info.plist";
				LD_RUNPATH_SEARCH_PATHS = "$(inherited) @executable_path/../Frameworks @loader_path/../Frameworks";
				MACOSX_DEPLOYMENT_TARGET = 10.12;
				MTL_ENABLE_DEBUG_INFO = YES;
				PRODUCT_BUNDLE_IDENTIFIER = "com.gorgichuk.Kinematic-Solver-Tests";
				PRODUCT_NAME = "$(TARGET_NAME)";
				TEST_HOST = "$(BUILT_PRODUCTS_DIR)/Kinematic Solver for Mac.app/Contents/MacOS/Kinematic Solver for Mac";
			};
			name = Debug;
		};
		8DAA24A71EC8D9BB001185B2 /* Release */ = {
			isa = XCBuildConfiguration;
			buildSettings = {
				BUNDLE_LOADER = "$(TEST_HOST)";
				CLANG_ANALYZER_NONNULL = YES;
				CLANG_ANALYZER_NUMBER_OBJECT_CONVERSION = YES_AGGRESSIVE;
				CLANG_ENABLE_MODULES = YES;
				CLANG_ENABLE_OBJC_ARC = YES;
				CLANG_WARN_DIRECT_OBJC_ISA_USAGE = YES_ERROR;
				CLANG_WARN_DOCUMENTATION_COMMENTS = YES;
				CLANG_WARN_OBJC_ROOT_CLASS = YES_ERROR;
				CODE_SIGN_IDENTITY = "-";
				COMBINE_HIDPI_IMAGES = YES;
				COPY_PHASE_STRIP = NO;
				ENABLE_NS_ASSERTIONS = NO;
				GCC_WARN_ABOUT_RETURN_TYPE = YES_ERROR;
				GCC_WARN_UNINITIALIZED_AUTOS = YES_AGGRESSIVE;
				INFOPLIST_FILE = "Kinematic Solver Tests/Info.plist";
				LD_RUNPATH_SEARCH_PATHS = "$(inherited) @executable_path/../Frameworks @loader_path/../Frameworks";
				MACOSX_DEPLOYMENT_TARGET = 10.12;
				MTL_ENABLE_DEBUG_INFO = NO;
				PRODUCT_BUNDLE_IDENTIFIER = "com.gorgichuk.Kinematic-Solver-Tests";
				PRODUCT_NAME = "$(TARGET_NAME)";
				TEST_HOST = "$(BUILT_PRODUCTS_DIR)/Kinematic Solver for Mac.app/Contents/MacOS/Kinematic Solver for Mac";
			};
			name = Release;
		};
		8DF971611946B08D007FA4AC /* Debug */ = {
			isa = XCBuildConfiguration;
			buildSettings = {
				ALWAYS_SEARCH_USER_PATHS = NO;
				CLANG_CXX_LANGUAGE_STANDARD = "gnu++0x";
				CLANG_CXX_LIBRARY = "libc++";
				CLANG_WARN_BOOL_CONVERSION = YES;
				CLANG_WARN_CONSTANT_CONVERSION = YES;
				CLANG_WARN_EMPTY_BODY = YES;
				CLANG_WARN_ENUM_CONVERSION = YES;
				CLANG_WARN_INFINITE_RECURSION = YES;
				CLANG_WARN_INT_CONVERSION = YES;
				CLANG_WARN_SUSPICIOUS_MOVE = YES;
				CLANG_WARN_UNREACHABLE_CODE = YES;
				CLANG_WARN__DUPLICATE_METHOD_MATCH = YES;
				COPY_PHASE_STRIP = NO;
				ENABLE_STRICT_OBJC_MSGSEND = YES;
				ENABLE_TESTABILITY = YES;
				GCC_C_LANGUAGE_STANDARD = gnu99;
				GCC_DYNAMIC_NO_PIC = NO;
				GCC_ENABLE_OBJC_EXCEPTIONS = YES;
				GCC_NO_COMMON_BLOCKS = YES;
				GCC_OPTIMIZATION_LEVEL = 0;
				GCC_PREPROCESSOR_DEFINITIONS = (
					"DEBUG=1",
					"$(inherited)",
				);
				GCC_SYMBOLS_PRIVATE_EXTERN = NO;
				GCC_WARN_64_TO_32_BIT_CONVERSION = YES;
				GCC_WARN_ABOUT_RETURN_TYPE = YES;
				GCC_WARN_UNDECLARED_SELECTOR = YES;
				GCC_WARN_UNINITIALIZED_AUTOS = YES;
				GCC_WARN_UNUSED_FUNCTION = YES;
				GCC_WARN_UNUSED_VARIABLE = YES;
				MACOSX_DEPLOYMENT_TARGET = 10.7;
				ONLY_ACTIVE_ARCH = YES;
				SDKROOT = macosx;
			};
			name = Debug;
		};
		8DF971621946B08D007FA4AC /* Release */ = {
			isa = XCBuildConfiguration;
			buildSettings = {
				ALWAYS_SEARCH_USER_PATHS = NO;
				CLANG_CXX_LANGUAGE_STANDARD = "gnu++0x";
				CLANG_CXX_LIBRARY = "libc++";
				CLANG_WARN_BOOL_CONVERSION = YES;
				CLANG_WARN_CONSTANT_CONVERSION = YES;
				CLANG_WARN_EMPTY_BODY = YES;
				CLANG_WARN_ENUM_CONVERSION = YES;
				CLANG_WARN_INFINITE_RECURSION = YES;
				CLANG_WARN_INT_CONVERSION = YES;
				CLANG_WARN_SUSPICIOUS_MOVE = YES;
				CLANG_WARN_UNREACHABLE_CODE = YES;
				CLANG_WARN__DUPLICATE_METHOD_MATCH = YES;
				COPY_PHASE_STRIP = YES;
				DEBUG_INFORMATION_FORMAT = "dwarf-with-dsym";
				ENABLE_STRICT_OBJC_MSGSEND = YES;
				GCC_C_LANGUAGE_STANDARD = gnu99;
				GCC_ENABLE_OBJC_EXCEPTIONS = YES;
				GCC_NO_COMMON_BLOCKS = YES;
				GCC_WARN_64_TO_32_BIT_CONVERSION = YES;
				GCC_WARN_ABOUT_RETURN_TYPE = YES;
				GCC_WARN_UNDECLARED_SELECTOR = YES;
				GCC_WARN_UNINITIALIZED_AUTOS = YES;
				GCC_WARN_UNUSED_FUNCTION = YES;
				GCC_WARN_UNUSED_VARIABLE = YES;
				MACOSX_DEPLOYMENT_TARGET = 10.7;
				SDKROOT = macosx;
			};
			name = Release;
		};
		8DF971641946B08D007FA4AC /* Debug */ = {
			isa = XCBuildConfiguration;
			buildSettings = {
				COMBINE_HIDPI_IMAGES = YES;
				GCC_PRECOMPILE_PREFIX_HEADER = YES;
				GCC_PREFIX_HEADER = "Kinematic Solver for Mac/Kinematic Solver for Mac Prefix.pch";
				INFOPLIST_FILE = "Kinematic Solver for Mac/Kinematic Solver for Mac Info.plist";
				PRODUCT_BUNDLE_IDENTIFIER = "gorgichuk.${PRODUCT_NAME:rfc1034identifier}";
				PRODUCT_NAME = "$(TARGET_NAME)";
				WRAPPER_EXTENSION = app;
			};
			name = Debug;
		};
		8DF971651946B08D007FA4AC /* Release */ = {
			isa = XCBuildConfiguration;
			buildSettings = {
				COMBINE_HIDPI_IMAGES = YES;
				GCC_PRECOMPILE_PREFIX_HEADER = YES;
				GCC_PREFIX_HEADER = "Kinematic Solver for Mac/Kinematic Solver for Mac Prefix.pch";
				INFOPLIST_FILE = "Kinematic Solver for Mac/Kinematic Solver for Mac Info.plist";
				PRODUCT_BUNDLE_IDENTIFIER = "gorgichuk.${PRODUCT_NAME:rfc1034identifier}";
				PRODUCT_NAME = "$(TARGET_NAME)";
				WRAPPER_EXTENSION = app;
			};
			name = Release;
		};
/* End XCBuildConfiguration section */

/* Begin XCConfigurationList section */
		8DAA24A51EC8D9BB001185B2 /* Build configuration list for PBXNativeTarget "Kinematic Solver Tests" */ = {
			isa = XCConfigurationList;
			buildConfigurations = (
				8DAA24A61EC8D9BB001185B2 /* Debug */,
				8DAA24A71EC8D9BB001185B2 /* Release */,
			);
			defaultConfigurationIsVisible = 0;
			defaultConfigurationName = Release;
		};
		8DF971411946B08D007FA4AC /* Build configuration list for PBXProject "Kinematic Solver for Mac" */ = {
			isa = XCConfigurationList;
			buildConfigurations = (
				8DF971611946B08D007FA4AC /* Debug */,
				8DF971621946B08D007FA4AC /* Release */,
			);
			defaultConfigurationIsVisible = 0;
			defaultConfigurationName = Release;
		};
		8DF971631946B08D007FA4AC /* Build configuration list for PBXNativeTarget "Kinematic Solver for Mac" */ = {
			isa = XCConfigurationList;
			buildConfigurations = (
				8DF971641946B08D007FA4AC /* Debug */,
				8DF971651946B08D007FA4AC /* Release */,
			);
			defaultConfigurationIsVisible = 0;
			defaultConfigurationName = Release;
		};
/* End XCConfigurationList section */
	};
	rootObject = 8DF9713E1946B08D007FA4AC /* Project object */;
}
